
Microsoft Visual Studio Solution File, Format Version 12.00
# Visual Studio Version 17
VisualStudioVersion = 17.7.34031.279
MinimumVisualStudioVersion = 10.0.40219.1
Project("{FAE04EC0-301F-11D3-BF4B-00C04F79EFBC}") = "homework6", "homework6\homework6.csproj", "{B4CD5157-DB66-4D77-B0D7-70C9EB696FE5}"
EndProject
Project("{FAE04EC0-301F-11D3-BF4B-00C04F79EFBC}") = "lab7", "lab7\lab7.csproj", "{A49D91F8-6777-43D2-8630-6020A7FD81F6}"
EndProject
Global
	GlobalSection(SolutionConfigurationPlatforms) = preSolution
		Debug|Any CPU = Debug|Any CPU
		Release|Any CPU = Release|Any CPU
	EndGlobalSection
	GlobalSection(ProjectConfigurationPlatforms) = postSolution
		{B4CD5157-DB66-4D77-B0D7-70C9EB696FE5}.Debug|Any CPU.ActiveCfg = Debug|Any CPU
		{B4CD5157-DB66-4D77-B0D7-70C9EB696FE5}.Debug|Any CPU.Build.0 = Debug|Any CPU
		{B4CD5157-DB66-4D77-B0D7-70C9EB696FE5}.Release|Any CPU.ActiveCfg = Release|Any CPU
		{B4CD5157-DB66-4D77-B0D7-70C9EB696FE5}.Release|Any CPU.Build.0 = Release|Any CPU
		{A49D91F8-6777-43D2-8630-6020A7FD81F6}.Debug|Any CPU.ActiveCfg = Debug|Any CPU
		{A49D91F8-6777-43D2-8630-6020A7FD81F6}.Debug|Any CPU.Build.0 = Debug|Any CPU
		{A49D91F8-6777-43D2-8630-6020A7FD81F6}.Release|Any CPU.ActiveCfg = Release|Any CPU
		{A49D91F8-6777-43D2-8630-6020A7FD81F6}.Release|Any CPU.Build.0 = Release|Any CPU
	EndGlobalSection
	GlobalSection(SolutionProperties) = preSolution
		HideSolutionNode = FALSE
	EndGlobalSection
	GlobalSection(ExtensibilityGlobals) = postSolution
		SolutionGuid = {8FA70DEF-42C6-4F2A-9E22-C3512FFEB3B7}
	EndGlobalSection
EndGlobal
